{
  "version": 4,
  "terraform_version": "1.9.5",
  "serial": 425,
  "lineage": "8fb54306-f313-0494-4cf5-c504f9b553a3",
  "outputs": {
    "api_url": {
      "value": "https://lby4eudg3m.execute-api.eu-west-1.amazonaws.com/api",
      "type": "string"
    }
  },
  "resources": [
    {
      "mode": "data",
      "type": "archive_file",
      "name": "app_zip",
      "provider": "provider[\"registry.terraform.io/hashicorp/archive\"]",
      "instances": [
        {
          "schema_version": 0,
          "attributes": {
            "exclude_symlink_directories": null,
            "excludes": [
              ".git",
              ".gitignore",
              ".terraform",
              "README.md",
              "app.zip",
              "infra",
              "node_modules",
              "node_modules_layer.zip",
              "package-lock.json",
              "src",
              "test"
            ],
            "id": "53debf4b84df99c1326318b435eef4bf9840432a",
            "output_base64sha256": "KJ+e+JU2cPeaG3RUkghlmUC/pw0Bwtz/ZPaNucInFAA=",
            "output_base64sha512": "MYZqRYH0gKSldYJ0cp4Que5N3K0aNjxeU66ilhirpSP8WXkHa4Muy4oxJikNZx0ig5ROOUsDocY7EsRktOxcUA==",
            "output_file_mode": null,
            "output_md5": "129f54200ea21be831b5afea8089aafd",
            "output_path": "./app.zip",
            "output_sha": "53debf4b84df99c1326318b435eef4bf9840432a",
            "output_sha256": "289f9ef8953670f79a1b74549208659940bfa70d01c2dcff64f68db9c2271400",
            "output_sha512": "31866a4581f480a4a5758274729e10b9ee4ddcad1a363c5e53aea29618aba523fc5979076b832ecb8a3126290d671d2283944e394b03a1c63b12c464b4ec5c50",
            "output_size": 38918,
            "source": [],
            "source_content": null,
            "source_content_filename": null,
            "source_dir": "./../",
            "source_file": null,
            "type": "zip"
          },
          "sensitive_attributes": []
        }
      ]
    },
    {
      "mode": "managed",
      "type": "aws_apigatewayv2_api",
      "name": "app",
      "provider": "provider[\"registry.terraform.io/hashicorp/aws\"]",
      "instances": [
        {
          "schema_version": 0,
          "attributes": {
            "api_endpoint": "https://lby4eudg3m.execute-api.eu-west-1.amazonaws.com",
            "api_key_selection_expression": "$request.header.x-api-key",
            "arn": "arn:aws:apigateway:eu-west-1::/apis/lby4eudg3m",
            "body": null,
            "cors_configuration": [],
            "credentials_arn": null,
            "description": "",
            "disable_execute_api_endpoint": false,
            "execution_arn": "arn:aws:execute-api:eu-west-1:524147404421:lby4eudg3m",
            "fail_on_warnings": null,
            "id": "lby4eudg3m",
            "name": "api",
            "protocol_type": "HTTP",
            "route_key": null,
            "route_selection_expression": "$request.method $request.path",
            "tags": null,
            "tags_all": {},
            "target": null,
            "version": ""
          },
          "sensitive_attributes": [],
          "private": "bnVsbA=="
        }
      ]
    },
    {
      "mode": "managed",
      "type": "aws_apigatewayv2_integration",
      "name": "app",
      "provider": "provider[\"registry.terraform.io/hashicorp/aws\"]",
      "instances": [
        {
          "schema_version": 0,
          "attributes": {
            "api_id": "lby4eudg3m",
            "connection_id": "",
            "connection_type": "INTERNET",
            "content_handling_strategy": "",
            "credentials_arn": "",
            "description": "",
            "id": "aciwzm5",
            "integration_method": "POST",
            "integration_response_selection_expression": "",
            "integration_subtype": "",
            "integration_type": "AWS_PROXY",
            "integration_uri": "arn:aws:apigateway:eu-west-1:lambda:path/2015-03-31/functions/arn:aws:lambda:eu-west-1:524147404421:function:app/invocations",
            "passthrough_behavior": "",
            "payload_format_version": "1.0",
            "request_parameters": null,
            "request_templates": null,
            "response_parameters": [],
            "template_selection_expression": "",
            "timeout_milliseconds": 30000,
            "tls_config": []
          },
          "sensitive_attributes": [],
          "private": "bnVsbA==",
          "dependencies": [
            "aws_apigatewayv2_api.app",
            "aws_iam_role.lambda_exec",
            "aws_lambda_function.app",
            "aws_lambda_layer_version.node_modules_layer",
            "data.archive_file.app_zip"
          ]
        }
      ]
    },
    {
      "mode": "managed",
      "type": "aws_apigatewayv2_route",
      "name": "app",
      "provider": "provider[\"registry.terraform.io/hashicorp/aws\"]",
      "instances": [
        {
          "schema_version": 0,
          "attributes": {
            "api_id": "lby4eudg3m",
            "api_key_required": false,
            "authorization_scopes": null,
            "authorization_type": "NONE",
            "authorizer_id": "",
            "id": "dpbdwwd",
            "model_selection_expression": "",
            "operation_name": "",
            "request_models": null,
            "request_parameter": [],
            "route_key": "ANY /{proxy+}",
            "route_response_selection_expression": "",
            "target": "integrations/aciwzm5"
          },
          "sensitive_attributes": [],
          "private": "bnVsbA==",
          "dependencies": [
            "aws_apigatewayv2_api.app",
            "aws_apigatewayv2_integration.app",
            "aws_iam_role.lambda_exec",
            "aws_lambda_function.app",
            "aws_lambda_layer_version.node_modules_layer",
            "data.archive_file.app_zip"
          ]
        }
      ]
    },
    {
      "mode": "managed",
      "type": "aws_apigatewayv2_stage",
      "name": "app",
      "provider": "provider[\"registry.terraform.io/hashicorp/aws\"]",
      "instances": [
        {
          "schema_version": 0,
          "attributes": {
            "access_log_settings": [
              {
                "destination_arn": "arn:aws:logs:eu-west-1:524147404421:log-group:/aws/api_gw/api",
                "format": "{\"httpMethod\":\"$context.httpMethod\",\"integrationErrorMessage\":\"$context.integrationErrorMessage\",\"protocol\":\"$context.protocol\",\"requestId\":\"$context.requestId\",\"requestTime\":\"$context.requestTime\",\"resourcePath\":\"$context.resourcePath\",\"responseLength\":\"$context.responseLength\",\"routeKey\":\"$context.routeKey\",\"sourceIp\":\"$context.identity.sourceIp\",\"status\":\"$context.status\"}"
              }
            ],
            "api_id": "lby4eudg3m",
            "arn": "arn:aws:apigateway:eu-west-1::/apis/lby4eudg3m/stages/api",
            "auto_deploy": true,
            "client_certificate_id": "",
            "default_route_settings": [
              {
                "data_trace_enabled": false,
                "detailed_metrics_enabled": false,
                "logging_level": "",
                "throttling_burst_limit": 0,
                "throttling_rate_limit": 0
              }
            ],
            "deployment_id": "",
            "description": "",
            "execution_arn": "arn:aws:execute-api:eu-west-1:524147404421:lby4eudg3m/api",
            "id": "api",
            "invoke_url": "https://lby4eudg3m.execute-api.eu-west-1.amazonaws.com/api",
            "name": "api",
            "route_settings": [],
            "stage_variables": null,
            "tags": null,
            "tags_all": {}
          },
          "sensitive_attributes": [],
          "private": "bnVsbA==",
          "dependencies": [
            "aws_apigatewayv2_api.app",
            "aws_cloudwatch_log_group.api_gw"
          ]
        }
      ]
    },
    {
      "mode": "managed",
      "type": "aws_cloudwatch_log_group",
      "name": "api_gw",
      "provider": "provider[\"registry.terraform.io/hashicorp/aws\"]",
      "instances": [
        {
          "schema_version": 0,
          "attributes": {
            "arn": "arn:aws:logs:eu-west-1:524147404421:log-group:/aws/api_gw/api",
            "id": "/aws/api_gw/api",
            "kms_key_id": "",
            "log_group_class": "STANDARD",
            "name": "/aws/api_gw/api",
            "name_prefix": "",
            "retention_in_days": 30,
            "skip_destroy": false,
            "tags": null,
            "tags_all": {}
          },
          "sensitive_attributes": [],
          "private": "bnVsbA==",
          "dependencies": [
            "aws_apigatewayv2_api.app"
          ]
        }
      ]
    },
    {
      "mode": "managed",
      "type": "aws_cloudwatch_log_group",
      "name": "app",
      "provider": "provider[\"registry.terraform.io/hashicorp/aws\"]",
      "instances": [
        {
          "schema_version": 0,
          "attributes": {
            "arn": "arn:aws:logs:eu-west-1:524147404421:log-group:/aws/lambda/app",
            "id": "/aws/lambda/app",
            "kms_key_id": "",
            "log_group_class": "STANDARD",
            "name": "/aws/lambda/app",
            "name_prefix": "",
            "retention_in_days": 30,
            "skip_destroy": false,
            "tags": null,
            "tags_all": {}
          },
          "sensitive_attributes": [],
          "private": "bnVsbA==",
          "dependencies": [
            "aws_iam_role.lambda_exec",
            "aws_lambda_function.app",
            "aws_lambda_layer_version.node_modules_layer",
            "data.archive_file.app_zip"
          ]
        }
      ]
    },
    {
      "mode": "managed",
      "type": "aws_iam_role",
      "name": "lambda_exec",
      "provider": "provider[\"registry.terraform.io/hashicorp/aws\"]",
      "instances": [
        {
          "schema_version": 0,
          "attributes": {
            "arn": "arn:aws:iam::524147404421:role/serverless_lambda_exec",
            "assume_role_policy": "{\"Statement\":[{\"Action\":\"sts:AssumeRole\",\"Effect\":\"Allow\",\"Principal\":{\"Service\":\"lambda.amazonaws.com\"},\"Sid\":\"\"}],\"Version\":\"2012-10-17\"}",
            "create_date": "2024-09-18T07:58:43Z",
            "description": "",
            "force_detach_policies": false,
            "id": "serverless_lambda_exec",
            "inline_policy": [],
            "managed_policy_arns": [],
            "max_session_duration": 3600,
            "name": "serverless_lambda_exec",
            "name_prefix": "",
            "path": "/",
            "permissions_boundary": "",
            "tags": null,
            "tags_all": {},
            "unique_id": "AROAXUCM6V2CTL43NUO5B"
          },
          "sensitive_attributes": [],
          "private": "bnVsbA=="
        }
      ]
    },
    {
      "mode": "managed",
      "type": "aws_iam_role_policy_attachment",
      "name": "lambda_policy",
      "provider": "provider[\"registry.terraform.io/hashicorp/aws\"]",
      "instances": [
        {
          "schema_version": 0,
          "attributes": {
            "id": "serverless_lambda_exec-20240918075844615400000001",
            "policy_arn": "arn:aws:iam::aws:policy/service-role/AWSLambdaVPCAccessExecutionRole",
            "role": "serverless_lambda_exec"
          },
          "sensitive_attributes": [],
          "private": "bnVsbA==",
          "dependencies": [
            "aws_iam_role.lambda_exec"
          ]
        }
      ]
    },
    {
      "mode": "managed",
      "type": "aws_lambda_function",
      "name": "app",
      "provider": "provider[\"registry.terraform.io/hashicorp/aws\"]",
      "instances": [
        {
          "schema_version": 0,
          "attributes": {
            "architectures": [
              "x86_64"
            ],
            "arn": "arn:aws:lambda:eu-west-1:524147404421:function:app",
            "code_sha256": "KJ+e+JU2cPeaG3RUkghlmUC/pw0Bwtz/ZPaNucInFAA=",
            "code_signing_config_arn": "",
            "dead_letter_config": [],
            "description": "",
            "environment": [
              {
                "variables": {
                  "NODE_ENV": "production"
                }
              }
            ],
            "ephemeral_storage": [
              {
                "size": 512
              }
            ],
            "file_system_config": [],
            "filename": "./app.zip",
            "function_name": "app",
            "handler": "dist/serverless.handler",
            "id": "app",
            "image_config": [],
            "image_uri": "",
            "invoke_arn": "arn:aws:apigateway:eu-west-1:lambda:path/2015-03-31/functions/arn:aws:lambda:eu-west-1:524147404421:function:app/invocations",
            "kms_key_arn": "",
            "last_modified": "2024-09-18T07:58:53.317+0000",
            "layers": [
              "arn:aws:lambda:eu-west-1:524147404421:layer:node_modules_layer:19"
            ],
            "logging_config": [
              {
                "application_log_level": "",
                "log_format": "Text",
                "log_group": "/aws/lambda/app",
                "system_log_level": ""
              }
            ],
            "memory_size": 1024,
            "package_type": "Zip",
            "publish": false,
            "qualified_arn": "arn:aws:lambda:eu-west-1:524147404421:function:app:$LATEST",
            "qualified_invoke_arn": "arn:aws:apigateway:eu-west-1:lambda:path/2015-03-31/functions/arn:aws:lambda:eu-west-1:524147404421:function:app:$LATEST/invocations",
            "replace_security_groups_on_destroy": null,
            "replacement_security_group_ids": null,
            "reserved_concurrent_executions": -1,
            "role": "arn:aws:iam::524147404421:role/serverless_lambda_exec",
            "runtime": "nodejs20.x",
            "s3_bucket": null,
            "s3_key": null,
            "s3_object_version": null,
            "signing_job_arn": "",
            "signing_profile_version_arn": "",
            "skip_destroy": false,
            "snap_start": [],
            "source_code_hash": "KJ+e+JU2cPeaG3RUkghlmUC/pw0Bwtz/ZPaNucInFAA=",
            "source_code_size": 38918,
            "tags": null,
            "tags_all": {},
            "timeout": 30,
            "timeouts": null,
            "tracing_config": [
              {
                "mode": "PassThrough"
              }
            ],
            "version": "$LATEST",
            "vpc_config": []
          },
          "sensitive_attributes": [],
          "private": "eyJlMmJmYjczMC1lY2FhLTExZTYtOGY4OC0zNDM2M2JjN2M0YzAiOnsiY3JlYXRlIjo2MDAwMDAwMDAwMDAsImRlbGV0ZSI6NjAwMDAwMDAwMDAwLCJ1cGRhdGUiOjYwMDAwMDAwMDAwMH19",
          "dependencies": [
            "aws_iam_role.lambda_exec",
            "aws_lambda_layer_version.node_modules_layer",
            "data.archive_file.app_zip"
          ]
        }
      ]
    },
    {
      "mode": "managed",
      "type": "aws_lambda_layer_version",
      "name": "node_modules_layer",
      "provider": "provider[\"registry.terraform.io/hashicorp/aws\"]",
      "instances": [
        {
          "schema_version": 0,
          "attributes": {
            "arn": "arn:aws:lambda:eu-west-1:524147404421:layer:node_modules_layer:19",
            "code_sha256": "9J19xuO5dbhfId15k+eDZg6zCAsDvRtVgV9U97tMOcc=",
            "compatible_architectures": null,
            "compatible_runtimes": [
              "nodejs20.x"
            ],
            "created_date": "2024-09-18T07:58:52.824+0000",
            "description": "",
            "filename": "./../node_modules_layer.zip",
            "id": "arn:aws:lambda:eu-west-1:524147404421:layer:node_modules_layer:19",
            "layer_arn": "arn:aws:lambda:eu-west-1:524147404421:layer:node_modules_layer",
            "layer_name": "node_modules_layer",
            "license_info": "",
            "s3_bucket": null,
            "s3_key": null,
            "s3_object_version": null,
            "signing_job_arn": "",
            "signing_profile_version_arn": "",
            "skip_destroy": false,
            "source_code_hash": "9J19xuO5dbhfId15k+eDZg6zCAsDvRtVgV9U97tMOcc=",
            "source_code_size": 20460479,
            "version": "19"
          },
          "sensitive_attributes": [],
          "private": "bnVsbA=="
        }
      ]
    },
    {
      "mode": "managed",
      "type": "aws_lambda_permission",
      "name": "api_gw",
      "provider": "provider[\"registry.terraform.io/hashicorp/aws\"]",
      "instances": [
        {
          "schema_version": 0,
          "attributes": {
            "action": "lambda:InvokeFunction",
            "event_source_token": null,
            "function_name": "app",
            "function_url_auth_type": null,
            "id": "AllowExecutionFromAPIGateway",
            "principal": "apigateway.amazonaws.com",
            "principal_org_id": null,
            "qualifier": "",
            "source_account": null,
            "source_arn": "arn:aws:execute-api:eu-west-1:524147404421:lby4eudg3m/*/*",
            "statement_id": "AllowExecutionFromAPIGateway",
            "statement_id_prefix": ""
          },
          "sensitive_attributes": [],
          "private": "bnVsbA==",
          "dependencies": [
            "aws_apigatewayv2_api.app",
            "aws_iam_role.lambda_exec",
            "aws_lambda_function.app",
            "aws_lambda_layer_version.node_modules_layer",
            "data.archive_file.app_zip"
          ]
        }
      ]
    }
  ],
  "check_results": null
}
